// !$*UTF8*$!
{
	archiveVersion = 1;
	classes = {
	};
	objectVersion = 46;
	objects = {

/* Begin PBXBuildFile section */
		8DBFB57B196469A50005AAA9 /* Foundation.framework in Frameworks */ = {isa = PBXBuildFile; fileRef = 8DBFB57A196469A50005AAA9 /* Foundation.framework */; };
		8DBFB57D196469A50005AAA9 /* CoreGraphics.framework in Frameworks */ = {isa = PBXBuildFile; fileRef = 8DBFB57C196469A50005AAA9 /* CoreGraphics.framework */; };
		8DBFB57F196469A50005AAA9 /* UIKit.framework in Frameworks */ = {isa = PBXBuildFile; fileRef = 8DBFB57E196469A50005AAA9 /* UIKit.framework */; };
		8DBFB585196469A50005AAA9 /* InfoPlist.strings in Resources */ = {isa = PBXBuildFile; fileRef = 8DBFB583196469A50005AAA9 /* InfoPlist.strings */; };
		8DBFB587196469A50005AAA9 /* main.m in Sources */ = {isa = PBXBuildFile; fileRef = 8DBFB586196469A50005AAA9 /* main.m */; };
		8DBFB58B196469A50005AAA9 /* HCMAppDelegate.m in Sources */ = {isa = PBXBuildFile; fileRef = 8DBFB58A196469A50005AAA9 /* HCMAppDelegate.m */; };
		8DBFB58E196469A50005AAA9 /* Main.storyboard in Resources */ = {isa = PBXBuildFile; fileRef = 8DBFB58C196469A50005AAA9 /* Main.storyboard */; };
		8DBFB591196469A50005AAA9 /* HCMViewController.m in Sources */ = {isa = PBXBuildFile; fileRef = 8DBFB590196469A50005AAA9 /* HCMViewController.m */; };
		8DBFB593196469A50005AAA9 /* Images.xcassets in Resources */ = {isa = PBXBuildFile; fileRef = 8DBFB592196469A50005AAA9 /* Images.xcassets */; };
		8DBFB59A196469A50005AAA9 /* XCTest.framework in Frameworks */ = {isa = PBXBuildFile; fileRef = 8DBFB599196469A50005AAA9 /* XCTest.framework */; };
		8DBFB59B196469A50005AAA9 /* Foundation.framework in Frameworks */ = {isa = PBXBuildFile; fileRef = 8DBFB57A196469A50005AAA9 /* Foundation.framework */; };
		8DBFB59C196469A50005AAA9 /* UIKit.framework in Frameworks */ = {isa = PBXBuildFile; fileRef = 8DBFB57E196469A50005AAA9 /* UIKit.framework */; };
		8DBFB5A4196469A50005AAA9 /* InfoPlist.strings in Resources */ = {isa = PBXBuildFile; fileRef = 8DBFB5A2196469A50005AAA9 /* InfoPlist.strings */; };
		8DBFB5A6196469A50005AAA9 /* TestSegueTests.m in Sources */ = {isa = PBXBuildFile; fileRef = 8DBFB5A5196469A50005AAA9 /* TestSegueTests.m */; };
		8DBFB5B1196469F00005AAA9 /* HCMPushedInViewController.m in Sources */ = {isa = PBXBuildFile; fileRef = 8DBFB5B0196469F00005AAA9 /* HCMPushedInViewController.m */; };
		8DBFB5B4196477CA0005AAA9 /* HCMContainerViewController1.m in Sources */ = {isa = PBXBuildFile; fileRef = 8DBFB5B3196477CA0005AAA9 /* HCMContainerViewController1.m */; };
		8DBFB5B7196477DB0005AAA9 /* HCMContainerViewController2.m in Sources */ = {isa = PBXBuildFile; fileRef = 8DBFB5B6196477DB0005AAA9 /* HCMContainerViewController2.m */; };
/* End PBXBuildFile section */

/* Begin PBXContainerItemProxy section */
		8DBFB59D196469A50005AAA9 /* PBXContainerItemProxy */ = {
			isa = PBXContainerItemProxy;
			containerPortal = 8DBFB56F196469A50005AAA9 /* Project object */;
			proxyType = 1;
			remoteGlobalIDString = 8DBFB576196469A50005AAA9;
			remoteInfo = TestSegue;
		};
/* End PBXContainerItemProxy section */

/* Begin PBXFileReference section */
		8DBFB577196469A50005AAA9 /* TestSegue.app */ = {isa = PBXFileReference; explicitFileType = wrapper.application; includeInIndex = 0; path = TestSegue.app; sourceTree = BUILT_PRODUCTS_DIR; };
		8DBFB57A196469A50005AAA9 /* Foundation.framework */ = {isa = PBXFileReference; lastKnownFileType = wrapper.framework; name = Foundation.framework; path = System/Library/Frameworks/Foundation.framework; sourceTree = SDKROOT; };
		8DBFB57C196469A50005AAA9 /* CoreGraphics.framework */ = {isa = PBXFileReference; lastKnownFileType = wrapper.framework; name = CoreGraphics.framework; path = System/Library/Frameworks/CoreGraphics.framework; sourceTree = SDKROOT; };
		8DBFB57E196469A50005AAA9 /* UIKit.framework */ = {isa = PBXFileReference; lastKnownFileType = wrapper.framework; name = UIKit.framework; path = System/Library/Frameworks/UIKit.framework; sourceTree = SDKROOT; };
		8DBFB582196469A50005AAA9 /* TestSegue-Info.plist */ = {isa = PBXFileReference; lastKnownFileType = text.plist.xml; path = "TestSegue-Info.plist"; sourceTree = "<group>"; };
		8DBFB584196469A50005AAA9 /* en */ = {isa = PBXFileReference; lastKnownFileType = text.plist.strings; name = en; path = en.lproj/InfoPlist.strings; sourceTree = "<group>"; };
		8DBFB586196469A50005AAA9 /* main.m */ = {isa = PBXFileReference; lastKnownFileType = sourcecode.c.objc; path = main.m; sourceTree = "<group>"; };
		8DBFB588196469A50005AAA9 /* TestSegue-Prefix.pch */ = {isa = PBXFileReference; lastKnownFileType = sourcecode.c.h; path = "TestSegue-Prefix.pch"; sourceTree = "<group>"; };
		8DBFB589196469A50005AAA9 /* HCMAppDelegate.h */ = {isa = PBXFileReference; lastKnownFileType = sourcecode.c.h; path = HCMAppDelegate.h; sourceTree = "<group>"; };
		8DBFB58A196469A50005AAA9 /* HCMAppDelegate.m */ = {isa = PBXFileReference; lastKnownFileType = sourcecode.c.objc; path = HCMAppDelegate.m; sourceTree = "<group>"; };
		8DBFB58D196469A50005AAA9 /* Base */ = {isa = PBXFileReference; lastKnownFileType = file.storyboard; name = Base; path = Base.lproj/Main.storyboard; sourceTree = "<group>"; };
		8DBFB58F196469A50005AAA9 /* HCMViewController.h */ = {isa = PBXFileReference; lastKnownFileType = sourcecode.c.h; path = HCMViewController.h; sourceTree = "<group>"; };
		8DBFB590196469A50005AAA9 /* HCMViewController.m */ = {isa = PBXFileReference; lastKnownFileType = sourcecode.c.objc; path = HCMViewController.m; sourceTree = "<group>"; };
		8DBFB592196469A50005AAA9 /* Images.xcassets */ = {isa = PBXFileReference; lastKnownFileType = folder.assetcatalog; path = Images.xcassets; sourceTree = "<group>"; };
		8DBFB598196469A50005AAA9 /* TestSegueTests.xctest */ = {isa = PBXFileReference; explicitFileType = wrapper.cfbundle; includeInIndex = 0; path = TestSegueTests.xctest; sourceTree = BUILT_PRODUCTS_DIR; };
		8DBFB599196469A50005AAA9 /* XCTest.framework */ = {isa = PBXFileReference; lastKnownFileType = wrapper.framework; name = XCTest.framework; path = Library/Frameworks/XCTest.framework; sourceTree = DEVELOPER_DIR; };
		8DBFB5A1196469A50005AAA9 /* TestSegueTests-Info.plist */ = {isa = PBXFileReference; lastKnownFileType = text.plist.xml; path = "TestSegueTests-Info.plist"; sourceTree = "<group>"; };
		8DBFB5A3196469A50005AAA9 /* en */ = {isa = PBXFileReference; lastKnownFileType = text.plist.strings; name = en; path = en.lproj/InfoPlist.strings; sourceTree = "<group>"; };
		8DBFB5A5196469A50005AAA9 /* TestSegueTests.m */ = {isa = PBXFileReference; lastKnownFileType = sourcecode.c.objc; path = TestSegueTests.m; sourceTree = "<group>"; };
		8DBFB5AF196469F00005AAA9 /* HCMPushedInViewController.h */ = {isa = PBXFileReference; fileEncoding = 4; lastKnownFileType = sourcecode.c.h; path = HCMPushedInViewController.h; sourceTree = "<group>"; };
		8DBFB5B0196469F00005AAA9 /* HCMPushedInViewController.m */ = {isa = PBXFileReference; fileEncoding = 4; lastKnownFileType = sourcecode.c.objc; path = HCMPushedInViewController.m; sourceTree = "<group>"; };
		8DBFB5B2196477CA0005AAA9 /* HCMContainerViewController1.h */ = {isa = PBXFileReference; fileEncoding = 4; lastKnownFileType = sourcecode.c.h; path = HCMContainerViewController1.h; sourceTree = "<group>"; };
		8DBFB5B3196477CA0005AAA9 /* HCMContainerViewController1.m */ = {isa = PBXFileReference; fileEncoding = 4; lastKnownFileType = sourcecode.c.objc; path = HCMContainerViewController1.m; sourceTree = "<group>"; };
		8DBFB5B5196477DB0005AAA9 /* HCMContainerViewController2.h */ = {isa = PBXFileReference; fileEncoding = 4; lastKnownFileType = sourcecode.c.h; path = HCMContainerViewController2.h; sourceTree = "<group>"; };
		8DBFB5B6196477DB0005AAA9 /* HCMContainerViewController2.m */ = {isa = PBXFileReference; fileEncoding = 4; lastKnownFileType = sourcecode.c.objc; path = HCMContainerViewController2.m; sourceTree = "<group>"; };
/* End PBXFileReference section */

/* Begin PBXFrameworksBuildPhase section */
		8DBFB574196469A50005AAA9 /* Frameworks */ = {
			isa = PBXFrameworksBuildPhase;
			buildActionMask = 2147483647;
			files = (
				8DBFB57D196469A50005AAA9 /* CoreGraphics.framework in Frameworks */,
				8DBFB57F196469A50005AAA9 /* UIKit.framework in Frameworks */,
				8DBFB57B196469A50005AAA9 /* Foundation.framework in Frameworks */,
			);
			runOnlyForDeploymentPostprocessing = 0;
		};
		8DBFB595196469A50005AAA9 /* Frameworks */ = {
			isa = PBXFrameworksBuildPhase;
			buildActionMask = 2147483647;
			files = (
				8DBFB59A196469A50005AAA9 /* XCTest.framework in Frameworks */,
				8DBFB59C196469A50005AAA9 /* UIKit.framework in Frameworks */,
				8DBFB59B196469A50005AAA9 /* Foundation.framework in Frameworks */,
			);
			runOnlyForDeploymentPostprocessing = 0;
		};
/* End PBXFrameworksBuildPhase section */

/* Begin PBXGroup section */
		8DBFB56E196469A50005AAA9 = {
			isa = PBXGroup;
			children = (
				8DBFB580196469A50005AAA9 /* TestSegue */,
				8DBFB59F196469A50005AAA9 /* TestSegueTests */,
				8DBFB579196469A50005AAA9 /* Frameworks */,
				8DBFB578196469A50005AAA9 /* Products */,
			);
			sourceTree = "<group>";
		};
		8DBFB578196469A50005AAA9 /* Products */ = {
			isa = PBXGroup;
			children = (
				8DBFB577196469A50005AAA9 /* TestSegue.app */,
				8DBFB598196469A50005AAA9 /* TestSegueTests.xctest */,
			);
			name = Products;
			sourceTree = "<group>";
		};
		8DBFB579196469A50005AAA9 /* Frameworks */ = {
			isa = PBXGroup;
			children = (
				8DBFB57A196469A50005AAA9 /* Foundation.framework */,
				8DBFB57C196469A50005AAA9 /* CoreGraphics.framework */,
				8DBFB57E196469A50005AAA9 /* UIKit.framework */,
				8DBFB599196469A50005AAA9 /* XCTest.framework */,
			);
			name = Frameworks;
			sourceTree = "<group>";
		};
		8DBFB580196469A50005AAA9 /* TestSegue */ = {
			isa = PBXGroup;
			children = (
				8DBFB589196469A50005AAA9 /* HCMAppDelegate.h */,
				8DBFB58A196469A50005AAA9 /* HCMAppDelegate.m */,
				8DBFB58C196469A50005AAA9 /* Main.storyboard */,
				8DBFB58F196469A50005AAA9 /* HCMViewController.h */,
				8DBFB590196469A50005AAA9 /* HCMViewController.m */,
				8DBFB5AF196469F00005AAA9 /* HCMPushedInViewController.h */,
				8DBFB5B0196469F00005AAA9 /* HCMPushedInViewController.m */,
				8DBFB5B2196477CA0005AAA9 /* HCMContainerViewController1.h */,
				8DBFB5B3196477CA0005AAA9 /* HCMContainerViewController1.m */,
				8DBFB5B5196477DB0005AAA9 /* HCMContainerViewController2.h */,
				8DBFB5B6196477DB0005AAA9 /* HCMContainerViewController2.m */,
				8DBFB592196469A50005AAA9 /* Images.xcassets */,
				8DBFB581196469A50005AAA9 /* Supporting Files */,
			);
			path = TestSegue;
			sourceTree = "<group>";
		};
		8DBFB581196469A50005AAA9 /* Supporting Files */ = {
			isa = PBXGroup;
			children = (
				8DBFB582196469A50005AAA9 /* TestSegue-Info.plist */,
				8DBFB583196469A50005AAA9 /* InfoPlist.strings */,
				8DBFB586196469A50005AAA9 /* main.m */,
				8DBFB588196469A50005AAA9 /* TestSegue-Prefix.pch */,
			);
			name = "Supporting Files";
			sourceTree = "<group>";
		};
		8DBFB59F196469A50005AAA9 /* TestSegueTests */ = {
			isa = PBXGroup;
			children = (
				8DBFB5A5196469A50005AAA9 /* TestSegueTests.m */,
				8DBFB5A0196469A50005AAA9 /* Supporting Files */,
			);
			path = TestSegueTests;
			sourceTree = "<group>";
		};
		8DBFB5A0196469A50005AAA9 /* Supporting Files */ = {
			isa = PBXGroup;
			children = (
				8DBFB5A1196469A50005AAA9 /* TestSegueTests-Info.plist */,
				8DBFB5A2196469A50005AAA9 /* InfoPlist.strings */,
			);
			name = "Supporting Files";
			sourceTree = "<group>";
		};
/* End PBXGroup section */

/* Begin PBXNativeTarget section */
		8DBFB576196469A50005AAA9 /* TestSegue */ = {
			isa = PBXNativeTarget;
			buildConfigurationList = 8DBFB5A9196469A50005AAA9 /* Build configuration list for PBXNativeTarget "TestSegue" */;
			buildPhases = (
				8DBFB573196469A50005AAA9 /* Sources */,
				8DBFB574196469A50005AAA9 /* Frameworks */,
				8DBFB575196469A50005AAA9 /* Resources */,
			);
			buildRules = (
			);
			dependencies = (
			);
			name = TestSegue;
			productName = TestSegue;
			productReference = 8DBFB577196469A50005AAA9 /* TestSegue.app */;
			productType = "com.apple.product-type.application";
		};
		8DBFB597196469A50005AAA9 /* TestSegueTests */ = {
			isa = PBXNativeTarget;
			buildConfigurationList = 8DBFB5AC196469A50005AAA9 /* Build configuration list for PBXNativeTarget "TestSegueTests" */;
			buildPhases = (
				8DBFB594196469A50005AAA9 /* Sources */,
				8DBFB595196469A50005AAA9 /* Frameworks */,
				8DBFB596196469A50005AAA9 /* Resources */,
			);
			buildRules = (
			);
			dependencies = (
				8DBFB59E196469A50005AAA9 /* PBXTargetDependency */,
			);
			name = TestSegueTests;
			productName = TestSegueTests;
			productReference = 8DBFB598196469A50005AAA9 /* TestSegueTests.xctest */;
			productType = "com.apple.product-type.bundle.unit-test";
		};
/* End PBXNativeTarget section */

/* Begin PBXProject section */
		8DBFB56F196469A50005AAA9 /* Project object */ = {
			isa = PBXProject;
			attributes = {
				CLASSPREFIX = HCM;
				LastUpgradeCheck = 0510;
				ORGANIZATIONNAME = Oracle;
				TargetAttributes = {
					8DBFB597196469A50005AAA9 = {
						TestTargetID = 8DBFB576196469A50005AAA9;
					};
				};
			};
			buildConfigurationList = 8DBFB572196469A50005AAA9 /* Build configuration list for PBXProject "TestSegue" */;
			compatibilityVersion = "Xcode 3.2";
			developmentRegion = English;
			hasScannedForEncodings = 0;
			knownRegions = (
				en,
				Base,
			);
			mainGroup = 8DBFB56E196469A50005AAA9;
			productRefGroup = 8DBFB578196469A50005AAA9 /* Products */;
			projectDirPath = "";
			projectRoot = "";
			targets = (
				8DBFB576196469A50005AAA9 /* TestSegue */,
				8DBFB597196469A50005AAA9 /* TestSegueTests */,
			);
		};
/* End PBXProject section */

/* Begin PBXResourcesBuildPhase section */
		8DBFB575196469A50005AAA9 /* Resources */ = {
			isa = PBXResourcesBuildPhase;
			buildActionMask = 2147483647;
			files = (
				8DBFB593196469A50005AAA9 /* Images.xcassets in Resources */,
				8DBFB585196469A50005AAA9 /* InfoPlist.strings in Resources */,
				8DBFB58E196469A50005AAA9 /* Main.storyboard in Resources */,
			);
			runOnlyForDeploymentPostprocessing = 0;
		};
		8DBFB596196469A50005AAA9 /* Resources */ = {
			isa = PBXResourcesBuildPhase;
			buildActionMask = 2147483647;
			files = (
				8DBFB5A4196469A50005AAA9 /* InfoPlist.strings in Resources */,
			);
			runOnlyForDeploymentPostprocessing = 0;
		};
/* End PBXResourcesBuildPhase section */

/* Begin PBXSourcesBuildPhase section */
		8DBFB573196469A50005AAA9 /* Sources */ = {
			isa = PBXSourcesBuildPhase;
			buildActionMask = 2147483647;
			files = (
				8DBFB5B4196477CA0005AAA9 /* HCMContainerViewController1.m in Sources */,
				8DBFB591196469A50005AAA9 /* HCMViewController.m in Sources */,
				8DBFB5B7196477DB0005AAA9 /* HCMContainerViewController2.m in Sources */,
				8DBFB5B1196469F00005AAA9 /* HCMPushedInViewController.m in Sources */,
				8DBFB587196469A50005AAA9 /* main.m in Sources */,
				8DBFB58B196469A50005AAA9 /* HCMAppDelegate.m in Sources */,
			);
			runOnlyForDeploymentPostprocessing = 0;
		};
		8DBFB594196469A50005AAA9 /* Sources */ = {
			isa = PBXSourcesBuildPhase;
			buildActionMask = 2147483647;
			files = (
				8DBFB5A6196469A50005AAA9 /* TestSegueTests.m in Sources */,
			);
			runOnlyForDeploymentPostprocessing = 0;
		};
/* End PBXSourcesBuildPhase section */

/* Begin PBXTargetDependency section */
		8DBFB59E196469A50005AAA9 /* PBXTargetDependency */ = {
			isa = PBXTargetDependency;
			target = 8DBFB576196469A50005AAA9 /* TestSegue */;
			targetProxy = 8DBFB59D196469A50005AAA9 /* PBXContainerItemProxy */;
		};
/* End PBXTargetDependency section */

/* Begin PBXVariantGroup section */
		8DBFB583196469A50005AAA9 /* InfoPlist.strings */ = {
			isa = PBXVariantGroup;
			children = (
				8DBFB584196469A50005AAA9 /* en */,
			);
			name = InfoPlist.strings;
			sourceTree = "<group>";
		};
		8DBFB58C196469A50005AAA9 /* Main.storyboard */ = {
			isa = PBXVariantGroup;
			children = (
				8DBFB58D196469A50005AAA9 /* Base */,
			);
			name = Main.storyboard;
			sourceTree = "<group>";
		};
		8DBFB5A2196469A50005AAA9 /* InfoPlist.strings */ = {
			isa = PBXVariantGroup;
			children = (
				8DBFB5A3196469A50005AAA9 /* en */,
			);
			name = InfoPlist.strings;
			sourceTree = "<group>";
		};
/* End PBXVariantGroup section */

/* Begin XCBuildConfiguration section */
		8DBFB5A7196469A50005AAA9 /* Debug */ = {
			isa = XCBuildConfiguration;
			buildSettings = {
				ALWAYS_SEARCH_USER_PATHS = NO;
				CLANG_CXX_LANGUAGE_STANDARD = "gnu++0x";
				CLANG_CXX_LIBRARY = "libc++";
				CLANG_ENABLE_MODULES = YES;
				CLANG_ENABLE_OBJC_ARC = YES;
				CLANG_WARN_BOOL_CONVERSION = YES;
				CLANG_WARN_CONSTANT_CONVERSION = YES;
				CLANG_WARN_DIRECT_OBJC_ISA_USAGE = YES_ERROR;
				CLANG_WARN_EMPTY_BODY = YES;
				CLANG_WARN_ENUM_CONVERSION = YES;
				CLANG_WARN_INT_CONVERSION = YES;
				CLANG_WARN_OBJC_ROOT_CLASS = YES_ERROR;
				CLANG_WARN__DUPLICATE_METHOD_MATCH = YES;
				"CODE_SIGN_IDENTITY[sdk=iphoneos*]" = "iPhone Developer";
				COPY_PHASE_STRIP = NO;
				GCC_C_LANGUAGE_STANDARD = gnu99;
				GCC_DYNAMIC_NO_PIC = NO;
				GCC_OPTIMIZATION_LEVEL = 0;
				GCC_PREPROCESSOR_DEFINITIONS = (
					"DEBUG=1",
					"$(inherited)",
				);
				GCC_SYMBOLS_PRIVATE_EXTERN = NO;
				GCC_WARN_64_TO_32_BIT_CONVERSION = YES;
				GCC_WARN_ABOUT_RETURN_TYPE = YES_ERROR;
				GCC_WARN_UNDECLARED_SELECTOR = YES;
				GCC_WARN_UNINITIALIZED_AUTOS = YES_AGGRESSIVE;
				GCC_WARN_UNUSED_FUNCTION = YES;
				GCC_WARN_UNUSED_VARIABLE = YES;
				IPHONEOS_DEPLOYMENT_TARGET = 7.1;
				ONLY_ACTIVE_ARCH = YES;
				SDKROOT = iphoneos;
				TARGETED_DEVICE_FAMILY = 2;
			};
			name = Debug;
		};
		8DBFB5A8196469A50005AAA9 /* Release */ = {
			isa = XCBuildConfiguration;
			buildSettings = {
				ALWAYS_SEARCH_USER_PATHS = NO;
				CLANG_CXX_LANGUAGE_STANDARD = "gnu++0x";
				CLANG_CXX_LIBRARY = "libc++";
				CLANG_ENABLE_MODULES = YES;
				CLANG_ENABLE_OBJC_ARC = YES;
				CLANG_WARN_BOOL_CONVERSION = YES;
				CLANG_WARN_CONSTANT_CONVERSION = YES;
				CLANG_WARN_DIRECT_OBJC_ISA_USAGE = YES_ERROR;
				CLANG_WARN_EMPTY_BODY = YES;
				CLANG_WARN_ENUM_CONVERSION = YES;
				CLANG_WARN_INT_CONVERSION = YES;
				CLANG_WARN_OBJC_ROOT_CLASS = YES_ERROR;
				CLANG_WARN__DUPLICATE_METHOD_MATCH = YES;
				"CODE_SIGN_IDENTITY[sdk=iphoneos*]" = "iPhone Developer";
				COPY_PHASE_STRIP = YES;
				ENABLE_NS_ASSERTIONS = NO;
				GCC_C_LANGUAGE_STANDARD = gnu99;
				GCC_WARN_64_TO_32_BIT_CONVERSION = YES;
				GCC_WARN_ABOUT_RETURN_TYPE = YES_ERROR;
				GCC_WARN_UNDECLARED_SELECTOR = YES;
				GCC_WARN_UNINITIALIZED_AUTOS = YES_AGGRESSIVE;
				GCC_WARN_UNUSED_FUNCTION = YES;
				GCC_WARN_UNUSED_VARIABLE = YES;
				IPHONEOS_DEPLOYMENT_TARGET = 7.1;
				SDKROOT = iphoneos;
				TARGETED_DEVICE_FAMILY = 2;
				VALIDATE_PRODUCT = YES;
			};
			name = Release;
		};
		8DBFB5AA196469A50005AAA9 /* Debug */ = {
			isa = XCBuildConfiguration;
			buildSettings = {
				ASSETCATALOG_COMPILER_APPICON_NAME = AppIcon;
				ASSETCATALOG_COMPILER_LAUNCHIMAGE_NAME = LaunchImage;
				GCC_PRECOMPILE_PREFIX_HEADER = YES;
				GCC_PREFIX_HEADER = "TestSegue/TestSegue-Prefix.pch";
				INFOPLIST_FILE = "TestSegue/TestSegue-Info.plist";
				PRODUCT_NAME = "$(TARGET_NAME)";
				WRAPPER_EXTENSION = app;
			};
			name = Debug;
		};
		8DBFB5AB196469A50005AAA9 /* Release */ = {
			isa = XCBuildConfiguration;
			buildSettings = {
				ASSETCATALOG_COMPILER_APPICON_NAME = AppIcon;
				ASSETCATALOG_COMPILER_LAUNCHIMAGE_NAME = LaunchImage;
				GCC_PRECOMPILE_PREFIX_HEADER = YES;
				GCC_PREFIX_HEADER = "TestSegue/TestSegue-Prefix.pch";
				INFOPLIST_FILE = "TestSegue/TestSegue-Info.plist";
				PRODUCT_NAME = "$(TARGET_NAME)";
				WRAPPER_EXTENSION = app;
			};
			name = Release;
		};
		8DBFB5AD196469A50005AAA9 /* Debug */ = {
			isa = XCBuildConfiguration;
			buildSettings = {
				BUNDLE_LOADER = "$(BUILT_PRODUCTS_DIR)/TestSegue.app/TestSegue";
				FRAMEWORK_SEARCH_PATHS = (
					"$(SDKROOT)/Developer/Library/Frameworks",
					"$(inherited)",
					"$(DEVELOPER_FRAMEWORKS_DIR)",
				);
				GCC_PRECOMPILE_PREFIX_HEADER = YES;
				GCC_PREFIX_HEADER = "TestSegue/TestSegue-Prefix.pch";
				GCC_PREPROCESSOR_DEFINITIONS = (
					"DEBUG=1",
					"$(inherited)",
				);
				INFOPLIST_FILE = "TestSegueTests/TestSegueTests-Info.plist";
				PRODUCT_NAME = "$(TARGET_NAME)";
				TEST_HOST = "$(BUNDLE_LOADER)";
				WRAPPER_EXTENSION = xctest;
			};
			name = Debug;
		};
		8DBFB5AE196469A50005AAA9 /* Release */ = {
			isa = XCBuildConfiguration;
			buildSettings = {
				BUNDLE_LOADER = "$(BUILT_PRODUCTS_DIR)/TestSegue.app/TestSegue";
				FRAMEWORK_SEARCH_PATHS = (
					"$(SDKROOT)/Developer/Library/Frameworks",
					"$(inherited)",
					"$(DEVELOPER_FRAMEWORKS_DIR)",
				);
				GCC_PRECOMPILE_PREFIX_HEADER = YES;
				GCC_PREFIX_HEADER = "TestSegue/TestSegue-Prefix.pch";
				INFOPLIST_FILE = "TestSegueTests/TestSegueTests-Info.plist";
				PRODUCT_NAME = "$(TARGET_NAME)";
				TEST_HOST = "$(BUNDLE_LOADER)";
				WRAPPER_EXTENSION = xctest;
			};
			name = Release;
		};
/* End XCBuildConfiguration section */

/* Begin XCConfigurationList section */
		8DBFB572196469A50005AAA9 /* Build configuration list for PBXProject "TestSegue" */ = {
			isa = XCConfigurationList;
			buildConfigurations = (
				8DBFB5A7196469A50005AAA9 /* Debug */,
				8DBFB5A8196469A50005AAA9 /* Release */,
			);
			defaultConfigurationIsVisible = 0;
			defaultConfigurationName = Release;
		};
		8DBFB5A9196469A50005AAA9 /* Build configuration list for PBXNativeTarget "TestSegue" */ = {
			isa = XCConfigurationList;
			buildConfigurations = (
				8DBFB5AA196469A50005AAA9 /* Debug */,
				8DBFB5AB196469A50005AAA9 /* Release */,
			);
			defaultConfigurationIsVisible = 0;
		};
		8DBFB5AC196469A50005AAA9 /* Build configuration list for PBXNativeTarget "TestSegueTests" */ = {
			isa = XCConfigurationList;
			buildConfigurations = (
				8DBFB5AD196469A50005AAA9 /* Debug */,
				8DBFB5AE196469A50005AAA9 /* Release */,
			);
			defaultConfigurationIsVisible = 0;
		};
/* End XCConfigurationList section */
	};
	rootObject = 8DBFB56F196469A50005AAA9 /* Project object */;
}
